
Microsoft Visual Studio Solution File, Format Version 12.00
# Visual Studio Version 16
VisualStudioVersion = 16.0.30114.105
MinimumVisualStudioVersion = 10.0.40219.1
Project("{FAE04EC0-301F-11D3-BF4B-00C04F79EFBC}") = "Webapi", "Webapi\Webapi.csproj", "{36F45DC0-B711-4A70-A8DD-25465918E2B1}"
EndProject
Project("{2150E333-8FDC-42A3-9474-1A3956D46DE8}") = "Tests", "Tests", "{40B09039-A088-466B-9529-0EA4DDF349C5}"
EndProject
Project("{FAE04EC0-301F-11D3-BF4B-00C04F79EFBC}") = "Webapi.UnitTests", "Tests\Webapi.UnitTests\Webapi.UnitTests.csproj", "{8616669F-E0C6-48F5-9560-2A631BF1C472}"
EndProject
Global
	GlobalSection(SolutionConfigurationPlatforms) = preSolution
		Debug|Any CPU = Debug|Any CPU
		Release|Any CPU = Release|Any CPU
	EndGlobalSection
	GlobalSection(SolutionProperties) = preSolution
		HideSolutionNode = FALSE
	EndGlobalSection
	GlobalSection(ProjectConfigurationPlatforms) = postSolution
		{36F45DC0-B711-4A70-A8DD-25465918E2B1}.Debug|Any CPU.ActiveCfg = Debug|Any CPU
		{36F45DC0-B711-4A70-A8DD-25465918E2B1}.Debug|Any CPU.Build.0 = Debug|Any CPU
		{36F45DC0-B711-4A70-A8DD-25465918E2B1}.Release|Any CPU.ActiveCfg = Release|Any CPU
		{36F45DC0-B711-4A70-A8DD-25465918E2B1}.Release|Any CPU.Build.0 = Release|Any CPU
		{8616669F-E0C6-48F5-9560-2A631BF1C472}.Debug|Any CPU.ActiveCfg = Debug|Any CPU
		{8616669F-E0C6-48F5-9560-2A631BF1C472}.Debug|Any CPU.Build.0 = Debug|Any CPU
		{8616669F-E0C6-48F5-9560-2A631BF1C472}.Release|Any CPU.ActiveCfg = Release|Any CPU
		{8616669F-E0C6-48F5-9560-2A631BF1C472}.Release|Any CPU.Build.0 = Release|Any CPU
	EndGlobalSection
	GlobalSection(NestedProjects) = preSolution
		{8616669F-E0C6-48F5-9560-2A631BF1C472} = {40B09039-A088-466B-9529-0EA4DDF349C5}
	EndGlobalSection
EndGlobal
